
Microsoft Visual Studio Solution File, Format Version 12.00
# Visual Studio Version 16
VisualStudioVersion = 16.0.31729.503
MinimumVisualStudioVersion = 10.0.40219.1
Project("{FAE04EC0-301F-11D3-BF4B-00C04F79EFBC}") = "Lab2_team1", "Lab2_team1\Lab2_team1.csproj", "{D803E601-15E4-417D-ACF3-BF8DDA44B79D}"
EndProject
Global
	GlobalSection(SolutionConfigurationPlatforms) = preSolution
		Debug|Any CPU = Debug|Any CPU
		Release|Any CPU = Release|Any CPU
	EndGlobalSection
	GlobalSection(ProjectConfigurationPlatforms) = postSolution
		{D803E601-15E4-417D-ACF3-BF8DDA44B79D}.Debug|Any CPU.ActiveCfg = Debug|Any CPU
		{D803E601-15E4-417D-ACF3-BF8DDA44B79D}.Debug|Any CPU.Build.0 = Debug|Any CPU
		{D803E601-15E4-417D-ACF3-BF8DDA44B79D}.Release|Any CPU.ActiveCfg = Release|Any CPU
		{D803E601-15E4-417D-ACF3-BF8DDA44B79D}.Release|Any CPU.Build.0 = Release|Any CPU
	EndGlobalSection
	GlobalSection(SolutionProperties) = preSolution
		HideSolutionNode = FALSE
	EndGlobalSection
	GlobalSection(ExtensibilityGlobals) = postSolution
		SolutionGuid = {0948C8AA-8B02-4EB1-8BE2-F89F5702C49F}
	EndGlobalSection
EndGlobal
